<?xml version="1.0" encoding="utf-8"?>
<Project ToolsVersion="4.0" xmlns="http://schemas.microsoft.com/developer/msbuild/2003">
  <ItemGroup>
    <Filter Include="Header Files">
      <UniqueIdentifier>{93995380-89BD-4b04-88EB-625FBE52EBFB}</UniqueIdentifier>
      <Extensions>h;hpp;hxx;hm;inl;inc;xsd</Extensions>
    </Filter>
    <Filter Include="Resource Files">
      <UniqueIdentifier>{67DA6AB6-F800-4c08-8B7A-83BB121AAD01}</UniqueIdentifier>
      <Extensions>rc;ico;cur;bmp;dlg;rc2;rct;bin;rgs;gif;jpg;jpeg;jpe;resx</Extensions>
    </Filter>
    <Filter Include="Source Files">
      <UniqueIdentifier>{4FC737F1-C7A5-4376-A066-2A32D752A2FF}</UniqueIdentifier>
      <Extensions>cpp;c;cc;cxx;def;odl;idl;hpj;bat;asm;asmx</Extensions>
    </Filter>
  </ItemGroup>
  <ItemGroup>
    <ClInclude Include="balance.h">
      <Filter>Header Files</Filter>
    </ClInclude>
    <ClInclude Include="c4.h">
      <Filter>Header Files</Filter>
    </ClInclude>
    <ClInclude Include="g_class.h">
      <Filter>Header Files</Filter>
    </ClInclude>
    <ClInclude Include="g_local.h">
      <Filter>Header Files</Filter>
    </ClInclude>
    <ClInclude Include="g_log.h">
      <Filter>Header Files</Filter>
    </ClInclude>
    <ClInclude Include="g_map.h">
      <Filter>Header Files</Filter>
    </ClInclude>
    <ClInclude Include="g_wordfilter.h">
      <Filter>Header Files</Filter>
    </ClInclude>
    <ClInclude Include="game.h">
      <Filter>Header Files</Filter>
    </ClInclude>
    <ClInclude Include="lmine.h">
      <Filter>Header Files</Filter>
    </ClInclude>
    <ClInclude Include="m_breeder.h">
      <Filter>Header Files</Filter>
    </ClInclude>
    <ClInclude Include="m_cocoon.h">
      <Filter>Header Files</Filter>
    </ClInclude>
    <ClInclude Include="m_drone.h">
      <Filter>Header Files</Filter>
    </ClInclude>
    <ClInclude Include="m_engineer.h">
      <Filter>Header Files</Filter>
    </ClInclude>
    <ClInclude Include="m_exterm.h">
      <Filter>Header Files</Filter>
    </ClInclude>
    <ClInclude Include="m_guardian.h">
      <Filter>Header Files</Filter>
    </ClInclude>
    <ClInclude Include="m_hatchling.h">
      <Filter>Header Files</Filter>
    </ClInclude>
    <ClInclude Include="m_healer.h">
      <Filter>Header Files</Filter>
    </ClInclude>
    <ClInclude Include="m_hsold.h">
      <Filter>Header Files</Filter>
    </ClInclude>
    <ClInclude Include="m_mech.h">
      <Filter>Header Files</Filter>
    </ClInclude>
    <ClInclude Include="m_obstacle.h">
      <Filter>Header Files</Filter>
    </ClInclude>
    <ClInclude Include="m_player.h">
      <Filter>Header Files</Filter>
    </ClInclude>
    <ClInclude Include="m_rider.h">
      <Filter>Header Files</Filter>
    </ClInclude>
    <ClInclude Include="m_spiker.h">
      <Filter>Header Files</Filter>
    </ClInclude>
    <ClInclude Include="m_stalker.h">
      <Filter>Header Files</Filter>
    </ClInclude>
    <ClInclude Include="m_stinger.h">
      <Filter>Header Files</Filter>
    </ClInclude>
    <ClInclude Include="m_wraith.h">
      <Filter>Header Files</Filter>
    </ClInclude>
    <ClInclude Include="menus.h">
      <Filter>Header Files</Filter>
    </ClInclude>
    <ClInclude Include="p_menu.h">
      <Filter>Header Files</Filter>
    </ClInclude>
    <ClInclude Include="q_shared.h">
      <Filter>Header Files</Filter>
    </ClInclude>
    <ClInclude Include="spbot.h">
      <Filter>Header Files</Filter>
    </ClInclude>
    <ClInclude Include="turret.h">
      <Filter>Header Files</Filter>
    </ClInclude>
  </ItemGroup>
  <ItemGroup>
    <ClCompile Include="c4.c">
      <Filter>Source Files</Filter>
    </ClCompile>
    <ClCompile Include="depot.c">
      <Filter>Source Files</Filter>
    </ClCompile>
    <ClCompile Include="g_account.c">
      <Filter>Source Files</Filter>
    </ClCompile>
    <ClCompile Include="g_breakin.c">
      <Filter>Source Files</Filter>
    </ClCompile>
    <ClCompile Include="g_chase.c">
      <Filter>Source Files</Filter>
    </ClCompile>
    <ClCompile Include="g_class.c">
      <Filter>Source Files</Filter>
    </ClCompile>
    <ClCompile Include="G_cmds.c">
      <Filter>Source Files</Filter>
    </ClCompile>
    <ClCompile Include="G_combat.c">
      <Filter>Source Files</Filter>
    </ClCompile>
    <ClCompile Include="g_func.c">
      <Filter>Source Files</Filter>
    </ClCompile>
    <ClCompile Include="g_items.c">
      <Filter>Source Files</Filter>
    </ClCompile>
    <ClCompile Include="g_log.c">
      <Filter>Source Files</Filter>
    </ClCompile>
    <ClCompile Include="G_main.c">
      <Filter>Source Files</Filter>
    </ClCompile>
    <ClCompile Include="g_map.c">
      <Filter>Source Files</Filter>
    </ClCompile>
    <ClCompile Include="g_misc.c">
      <Filter>Source Files</Filter>
    </ClCompile>
    <ClCompile Include="g_monster.c">
      <Filter>Source Files</Filter>
    </ClCompile>
    <ClCompile Include="g_phys.c">
      <Filter>Source Files</Filter>
    </ClCompile>
    <ClCompile Include="g_save.c">
      <Filter>Source Files</Filter>
    </ClCompile>
    <ClCompile Include="g_spawn.c">
      <Filter>Source Files</Filter>
    </ClCompile>
    <ClCompile Include="g_svcmds.c">
      <Filter>Source Files</Filter>
    </ClCompile>
    <ClCompile Include="g_target.c">
      <Filter>Source Files</Filter>
    </ClCompile>
    <ClCompile Include="g_trigger.c">
      <Filter>Source Files</Filter>
    </ClCompile>
    <ClCompile Include="g_turret.c">
      <Filter>Source Files</Filter>
    </ClCompile>
    <ClCompile Include="g_utils.c">
      <Filter>Source Files</Filter>
    </ClCompile>
    <ClCompile Include="G_weapon.c">
      <Filter>Source Files</Filter>
    </ClCompile>
    <ClCompile Include="g_wordfilter.c">
      <Filter>Source Files</Filter>
    </ClCompile>
    <ClCompile Include="Grapple.c">
      <Filter>Source Files</Filter>
    </ClCompile>
    <ClCompile Include="lmine.c">
      <Filter>Source Files</Filter>
    </ClCompile>
    <ClCompile Include="m_breeder.c">
      <Filter>Source Files</Filter>
    </ClCompile>
    <ClCompile Include="M_cocoon.c">
      <Filter>Source Files</Filter>
    </ClCompile>
    <ClCompile Include="m_detector.c">
      <Filter>Source Files</Filter>
    </ClCompile>
    <ClCompile Include="m_drone.c">
      <Filter>Source Files</Filter>
    </ClCompile>
    <ClCompile Include="M_gasser.c">
      <Filter>Source Files</Filter>
    </ClCompile>
    <ClCompile Include="m_guardian.c">
      <Filter>Source Files</Filter>
    </ClCompile>
    <ClCompile Include="m_hatchling.c">
      <Filter>Source Files</Filter>
    </ClCompile>
    <ClCompile Include="M_healer.c">
      <Filter>Source Files</Filter>
    </ClCompile>
    <ClCompile Include="m_obstacle.c">
      <Filter>Source Files</Filter>
    </ClCompile>
    <ClCompile Include="M_spike.c">
      <Filter>Source Files</Filter>
    </ClCompile>
    <ClCompile Include="m_stalker.c">
      <Filter>Source Files</Filter>
    </ClCompile>
    <ClCompile Include="m_sting.c">
      <Filter>Source Files</Filter>
    </ClCompile>
    <ClCompile Include="m_wraith.c">
      <Filter>Source Files</Filter>
    </ClCompile>
    <ClCompile Include="mersennetwister.c">
      <Filter>Source Files</Filter>
    </ClCompile>
    <ClCompile Include="p_biotech.c">
      <Filter>Source Files</Filter>
    </ClCompile>
    <ClCompile Include="P_client.c">
      <Filter>Source Files</Filter>
    </ClCompile>
    <ClCompile Include="p_commando.c">
      <Filter>Source Files</Filter>
    </ClCompile>
    <ClCompile Include="p_engineer.c">
      <Filter>Source Files</Filter>
    </ClCompile>
    <ClCompile Include="p_exterm.c">
      <Filter>Source Files</Filter>
    </ClCompile>
    <ClCompile Include="p_grunt.c">
      <Filter>Source Files</Filter>
    </ClCompile>
    <ClCompile Include="p_heavy.c">
      <Filter>Source Files</Filter>
    </ClCompile>
    <ClCompile Include="p_hud.c">
      <Filter>Source Files</Filter>
    </ClCompile>
    <ClCompile Include="p_mech.c">
      <Filter>Source Files</Filter>
    </ClCompile>
    <ClCompile Include="p_menu.c">
      <Filter>Source Files</Filter>
    </ClCompile>
    <ClCompile Include="p_shotgun.c">
      <Filter>Source Files</Filter>
    </ClCompile>
    <ClCompile Include="P_view.c">
      <Filter>Source Files</Filter>
    </ClCompile>
    <ClCompile Include="P_weapon.c">
      <Filter>Source Files</Filter>
    </ClCompile>
    <ClCompile Include="q_shared.c">
      <Filter>Source Files</Filter>
    </ClCompile>
    <ClCompile Include="spbot.c">
      <Filter>Source Files</Filter>
    </ClCompile>
    <ClCompile Include="turret.c">
      <Filter>Source Files</Filter>
    </ClCompile>
  </ItemGroup>
</Project>